
Microsoft Visual Studio Solution File, Format Version 12.00
# Visual Studio 2013
VisualStudioVersion = 12.0.40629.0
MinimumVisualStudioVersion = 10.0.40219.1
Project("{FAE04EC0-301F-11D3-BF4B-00C04F79EFBC}") = "ConsoleApplicationAssignment", "ConsoleApplicationAssignment\ConsoleApplicationAssignment.csproj", "{96F679D3-1412-457E-A4A3-CC4086471D5A}"
EndProject
Project("{FAE04EC0-301F-11D3-BF4B-00C04F79EFBC}") = "ConsoleApplication2", "ConsoleApplication2\ConsoleApplication2.csproj", "{9E63E432-039C-4691-805C-313EB0092DE3}"
EndProject
Project("{FAE04EC0-301F-11D3-BF4B-00C04F79EFBC}") = "ConsoleApplication3", "ConsoleApplication3\ConsoleApplication3.csproj", "{154B892D-C901-44AB-8D3A-B9D19E9D5BE8}"
EndProject
Project("{FAE04EC0-301F-11D3-BF4B-00C04F79EFBC}") = "ConsoleApplication4", "ConsoleApplication4\ConsoleApplication4.csproj", "{00A28EBE-38C5-4882-8E3B-0B9D7C031F64}"
EndProject
Project("{FAE04EC0-301F-11D3-BF4B-00C04F79EFBC}") = "ConsoleApplication5", "ConsoleApplication5\ConsoleApplication5.csproj", "{8C8BEC7F-2F4B-4E48-BB95-AA6D3351F8A6}"
EndProject
Project("{FAE04EC0-301F-11D3-BF4B-00C04F79EFBC}") = "ConsoleApplication6", "ConsoleApplication6\ConsoleApplication6.csproj", "{3DD31107-F5B7-4471-8687-7BAB86A63B38}"
EndProject
Project("{FAE04EC0-301F-11D3-BF4B-00C04F79EFBC}") = "ConsoleApplication7", "ConsoleApplication7\ConsoleApplication7.csproj", "{4C74C5C6-D0AD-4258-A77F-F096A54CA669}"
EndProject
Project("{FAE04EC0-301F-11D3-BF4B-00C04F79EFBC}") = "ConsoleApplication8", "ConsoleApplication8\ConsoleApplication8.csproj", "{596C798A-B5C1-43D5-AE7A-A61F86DC4B99}"
EndProject
Project("{FAE04EC0-301F-11D3-BF4B-00C04F79EFBC}") = "ConsoleApplication9", "ConsoleApplication9\ConsoleApplication9.csproj", "{284DDB65-EB85-4FB5-AEF4-1D58F126818B}"
EndProject
Project("{FAE04EC0-301F-11D3-BF4B-00C04F79EFBC}") = "ConsoleApplication10", "ConsoleApplication10\ConsoleApplication10.csproj", "{14CCBFB5-C912-4019-95E4-B8A109625EC2}"
EndProject
Project("{FAE04EC0-301F-11D3-BF4B-00C04F79EFBC}") = "ConsoleApplication11", "ConsoleApplication11\ConsoleApplication11.csproj", "{8F78A29C-E898-4990-951A-BDF6A250F958}"
EndProject
Project("{FAE04EC0-301F-11D3-BF4B-00C04F79EFBC}") = "ConsoleApplication12", "ConsoleApplication12\ConsoleApplication12.csproj", "{746A981C-B03B-4F12-A0F1-0CA944F98CBF}"
EndProject
Project("{FAE04EC0-301F-11D3-BF4B-00C04F79EFBC}") = "ConsoleApplication13", "ConsoleApplication13\ConsoleApplication13.csproj", "{2E9CC16B-9339-47B2-92D4-CD9D1451C04A}"
EndProject
Project("{FAE04EC0-301F-11D3-BF4B-00C04F79EFBC}") = "ConsoleApplication14", "ConsoleApplication14\ConsoleApplication14.csproj", "{37329C9D-8EC5-41A4-811F-BEBA928FBF9A}"
EndProject
Project("{FAE04EC0-301F-11D3-BF4B-00C04F79EFBC}") = "ConsoleApplication15", "ConsoleApplication15\ConsoleApplication15.csproj", "{40628F64-D9C0-4DB5-BC9B-15015847DFF1}"
EndProject
Project("{FAE04EC0-301F-11D3-BF4B-00C04F79EFBC}") = "ConsoleApplication16", "ConsoleApplication16\ConsoleApplication16.csproj", "{05DD1AE2-418C-4DCA-A2B4-A7C6D23A44D6}"
EndProject
Project("{FAE04EC0-301F-11D3-BF4B-00C04F79EFBC}") = "ConsoleApplication17", "ConsoleApplication17\ConsoleApplication17.csproj", "{2FA4E28E-8E2C-4225-85C6-E01224CCEC7C}"
EndProject
Project("{FAE04EC0-301F-11D3-BF4B-00C04F79EFBC}") = "ConsoleApplication18", "ConsoleApplication18\ConsoleApplication18.csproj", "{715CB783-09DA-409F-AB35-3119633D502D}"
EndProject
Project("{FAE04EC0-301F-11D3-BF4B-00C04F79EFBC}") = "ConsoleApplication19", "ConsoleApplication19\ConsoleApplication19.csproj", "{575DCA51-0E4E-4A50-A0D5-1CB0F5A5A74A}"
EndProject
Global
	GlobalSection(SolutionConfigurationPlatforms) = preSolution
		Debug|Any CPU = Debug|Any CPU
		Release|Any CPU = Release|Any CPU
	EndGlobalSection
	GlobalSection(ProjectConfigurationPlatforms) = postSolution
		{96F679D3-1412-457E-A4A3-CC4086471D5A}.Debug|Any CPU.ActiveCfg = Debug|Any CPU
		{96F679D3-1412-457E-A4A3-CC4086471D5A}.Debug|Any CPU.Build.0 = Debug|Any CPU
		{96F679D3-1412-457E-A4A3-CC4086471D5A}.Release|Any CPU.ActiveCfg = Release|Any CPU
		{96F679D3-1412-457E-A4A3-CC4086471D5A}.Release|Any CPU.Build.0 = Release|Any CPU
		{9E63E432-039C-4691-805C-313EB0092DE3}.Debug|Any CPU.ActiveCfg = Debug|Any CPU
		{9E63E432-039C-4691-805C-313EB0092DE3}.Debug|Any CPU.Build.0 = Debug|Any CPU
		{9E63E432-039C-4691-805C-313EB0092DE3}.Release|Any CPU.ActiveCfg = Release|Any CPU
		{9E63E432-039C-4691-805C-313EB0092DE3}.Release|Any CPU.Build.0 = Release|Any CPU
		{154B892D-C901-44AB-8D3A-B9D19E9D5BE8}.Debug|Any CPU.ActiveCfg = Debug|Any CPU
		{154B892D-C901-44AB-8D3A-B9D19E9D5BE8}.Debug|Any CPU.Build.0 = Debug|Any CPU
		{154B892D-C901-44AB-8D3A-B9D19E9D5BE8}.Release|Any CPU.ActiveCfg = Release|Any CPU
		{154B892D-C901-44AB-8D3A-B9D19E9D5BE8}.Release|Any CPU.Build.0 = Release|Any CPU
		{00A28EBE-38C5-4882-8E3B-0B9D7C031F64}.Debug|Any CPU.ActiveCfg = Debug|Any CPU
		{00A28EBE-38C5-4882-8E3B-0B9D7C031F64}.Debug|Any CPU.Build.0 = Debug|Any CPU
		{00A28EBE-38C5-4882-8E3B-0B9D7C031F64}.Release|Any CPU.ActiveCfg = Release|Any CPU
		{00A28EBE-38C5-4882-8E3B-0B9D7C031F64}.Release|Any CPU.Build.0 = Release|Any CPU
		{8C8BEC7F-2F4B-4E48-BB95-AA6D3351F8A6}.Debug|Any CPU.ActiveCfg = Debug|Any CPU
		{8C8BEC7F-2F4B-4E48-BB95-AA6D3351F8A6}.Debug|Any CPU.Build.0 = Debug|Any CPU
		{8C8BEC7F-2F4B-4E48-BB95-AA6D3351F8A6}.Release|Any CPU.ActiveCfg = Release|Any CPU
		{8C8BEC7F-2F4B-4E48-BB95-AA6D3351F8A6}.Release|Any CPU.Build.0 = Release|Any CPU
		{3DD31107-F5B7-4471-8687-7BAB86A63B38}.Debug|Any CPU.ActiveCfg = Debug|Any CPU
		{3DD31107-F5B7-4471-8687-7BAB86A63B38}.Debug|Any CPU.Build.0 = Debug|Any CPU
		{3DD31107-F5B7-4471-8687-7BAB86A63B38}.Release|Any CPU.ActiveCfg = Release|Any CPU
		{3DD31107-F5B7-4471-8687-7BAB86A63B38}.Release|Any CPU.Build.0 = Release|Any CPU
		{4C74C5C6-D0AD-4258-A77F-F096A54CA669}.Debug|Any CPU.ActiveCfg = Debug|Any CPU
		{4C74C5C6-D0AD-4258-A77F-F096A54CA669}.Debug|Any CPU.Build.0 = Debug|Any CPU
		{4C74C5C6-D0AD-4258-A77F-F096A54CA669}.Release|Any CPU.ActiveCfg = Release|Any CPU
		{4C74C5C6-D0AD-4258-A77F-F096A54CA669}.Release|Any CPU.Build.0 = Release|Any CPU
		{596C798A-B5C1-43D5-AE7A-A61F86DC4B99}.Debug|Any CPU.ActiveCfg = Debug|Any CPU
		{596C798A-B5C1-43D5-AE7A-A61F86DC4B99}.Debug|Any CPU.Build.0 = Debug|Any CPU
		{596C798A-B5C1-43D5-AE7A-A61F86DC4B99}.Release|Any CPU.ActiveCfg = Release|Any CPU
		{596C798A-B5C1-43D5-AE7A-A61F86DC4B99}.Release|Any CPU.Build.0 = Release|Any CPU
		{284DDB65-EB85-4FB5-AEF4-1D58F126818B}.Debug|Any CPU.ActiveCfg = Debug|Any CPU
		{284DDB65-EB85-4FB5-AEF4-1D58F126818B}.Debug|Any CPU.Build.0 = Debug|Any CPU
		{284DDB65-EB85-4FB5-AEF4-1D58F126818B}.Release|Any CPU.ActiveCfg = Release|Any CPU
		{284DDB65-EB85-4FB5-AEF4-1D58F126818B}.Release|Any CPU.Build.0 = Release|Any CPU
		{14CCBFB5-C912-4019-95E4-B8A109625EC2}.Debug|Any CPU.ActiveCfg = Debug|Any CPU
		{14CCBFB5-C912-4019-95E4-B8A109625EC2}.Debug|Any CPU.Build.0 = Debug|Any CPU
		{14CCBFB5-C912-4019-95E4-B8A109625EC2}.Release|Any CPU.ActiveCfg = Release|Any CPU
		{14CCBFB5-C912-4019-95E4-B8A109625EC2}.Release|Any CPU.Build.0 = Release|Any CPU
		{8F78A29C-E898-4990-951A-BDF6A250F958}.Debug|Any CPU.ActiveCfg = Debug|Any CPU
		{8F78A29C-E898-4990-951A-BDF6A250F958}.Debug|Any CPU.Build.0 = Debug|Any CPU
		{8F78A29C-E898-4990-951A-BDF6A250F958}.Release|Any CPU.ActiveCfg = Release|Any CPU
		{8F78A29C-E898-4990-951A-BDF6A250F958}.Release|Any CPU.Build.0 = Release|Any CPU
		{746A981C-B03B-4F12-A0F1-0CA944F98CBF}.Debug|Any CPU.ActiveCfg = Debug|Any CPU
		{746A981C-B03B-4F12-A0F1-0CA944F98CBF}.Debug|Any CPU.Build.0 = Debug|Any CPU
		{746A981C-B03B-4F12-A0F1-0CA944F98CBF}.Release|Any CPU.ActiveCfg = Release|Any CPU
		{746A981C-B03B-4F12-A0F1-0CA944F98CBF}.Release|Any CPU.Build.0 = Release|Any CPU
		{2E9CC16B-9339-47B2-92D4-CD9D1451C04A}.Debug|Any CPU.ActiveCfg = Debug|Any CPU
		{2E9CC16B-9339-47B2-92D4-CD9D1451C04A}.Debug|Any CPU.Build.0 = Debug|Any CPU
		{2E9CC16B-9339-47B2-92D4-CD9D1451C04A}.Release|Any CPU.ActiveCfg = Release|Any CPU
		{2E9CC16B-9339-47B2-92D4-CD9D1451C04A}.Release|Any CPU.Build.0 = Release|Any CPU
		{37329C9D-8EC5-41A4-811F-BEBA928FBF9A}.Debug|Any CPU.ActiveCfg = Debug|Any CPU
		{37329C9D-8EC5-41A4-811F-BEBA928FBF9A}.Debug|Any CPU.Build.0 = Debug|Any CPU
		{37329C9D-8EC5-41A4-811F-BEBA928FBF9A}.Release|Any CPU.ActiveCfg = Release|Any CPU
		{37329C9D-8EC5-41A4-811F-BEBA928FBF9A}.Release|Any CPU.Build.0 = Release|Any CPU
		{40628F64-D9C0-4DB5-BC9B-15015847DFF1}.Debug|Any CPU.ActiveCfg = Debug|Any CPU
		{40628F64-D9C0-4DB5-BC9B-15015847DFF1}.Debug|Any CPU.Build.0 = Debug|Any CPU
		{40628F64-D9C0-4DB5-BC9B-15015847DFF1}.Release|Any CPU.ActiveCfg = Release|Any CPU
		{40628F64-D9C0-4DB5-BC9B-15015847DFF1}.Release|Any CPU.Build.0 = Release|Any CPU
		{05DD1AE2-418C-4DCA-A2B4-A7C6D23A44D6}.Debug|Any CPU.ActiveCfg = Debug|Any CPU
		{05DD1AE2-418C-4DCA-A2B4-A7C6D23A44D6}.Debug|Any CPU.Build.0 = Debug|Any CPU
		{05DD1AE2-418C-4DCA-A2B4-A7C6D23A44D6}.Release|Any CPU.ActiveCfg = Release|Any CPU
		{05DD1AE2-418C-4DCA-A2B4-A7C6D23A44D6}.Release|Any CPU.Build.0 = Release|Any CPU
		{2FA4E28E-8E2C-4225-85C6-E01224CCEC7C}.Debug|Any CPU.ActiveCfg = Debug|Any CPU
		{2FA4E28E-8E2C-4225-85C6-E01224CCEC7C}.Debug|Any CPU.Build.0 = Debug|Any CPU
		{2FA4E28E-8E2C-4225-85C6-E01224CCEC7C}.Release|Any CPU.ActiveCfg = Release|Any CPU
		{2FA4E28E-8E2C-4225-85C6-E01224CCEC7C}.Release|Any CPU.Build.0 = Release|Any CPU
		{715CB783-09DA-409F-AB35-3119633D502D}.Debug|Any CPU.ActiveCfg = Debug|Any CPU
		{715CB783-09DA-409F-AB35-3119633D502D}.Debug|Any CPU.Build.0 = Debug|Any CPU
		{715CB783-09DA-409F-AB35-3119633D502D}.Release|Any CPU.ActiveCfg = Release|Any CPU
		{715CB783-09DA-409F-AB35-3119633D502D}.Release|Any CPU.Build.0 = Release|Any CPU
		{575DCA51-0E4E-4A50-A0D5-1CB0F5A5A74A}.Debug|Any CPU.ActiveCfg = Debug|Any CPU
		{575DCA51-0E4E-4A50-A0D5-1CB0F5A5A74A}.Debug|Any CPU.Build.0 = Debug|Any CPU
		{575DCA51-0E4E-4A50-A0D5-1CB0F5A5A74A}.Release|Any CPU.ActiveCfg = Release|Any CPU
		{575DCA51-0E4E-4A50-A0D5-1CB0F5A5A74A}.Release|Any CPU.Build.0 = Release|Any CPU
	EndGlobalSection
	GlobalSection(SolutionProperties) = preSolution
		HideSolutionNode = FALSE
	EndGlobalSection
EndGlobal
